// !$*UTF8*$!
{
	archiveVersion = 1;
	classes = {
	};
	objectVersion = 56;
	objects = {

/* Begin PBXBuildFile section */
		75D083062CC6B0B0000E0335 /* AppDelegate.m in Sources */ = {isa = PBXBuildFile; fileRef = 75D083052CC6B0B0000E0335 /* AppDelegate.m */; };
		75D083092CC6B0B0000E0335 /* SceneDelegate.m in Sources */ = {isa = PBXBuildFile; fileRef = 75D083082CC6B0B0000E0335 /* SceneDelegate.m */; };
		75D0830C2CC6B0B0000E0335 /* ViewController.m in Sources */ = {isa = PBXBuildFile; fileRef = 75D0830B2CC6B0B0000E0335 /* ViewController.m */; };
		75D0830F2CC6B0B0000E0335 /* Main.storyboard in Resources */ = {isa = PBXBuildFile; fileRef = 75D0830D2CC6B0B0000E0335 /* Main.storyboard */; };
		75D083112CC6B0B6000E0335 /* Assets.xcassets in Resources */ = {isa = PBXBuildFile; fileRef = 75D083102CC6B0B6000E0335 /* Assets.xcassets */; };
		75D083142CC6B0B6000E0335 /* LaunchScreen.storyboard in Resources */ = {isa = PBXBuildFile; fileRef = 75D083122CC6B0B6000E0335 /* LaunchScreen.storyboard */; };
		75D083172CC6B0B6000E0335 /* main.m in Sources */ = {isa = PBXBuildFile; fileRef = 75D083162CC6B0B6000E0335 /* main.m */; };
/* End PBXBuildFile section */

/* Begin PBXFileReference section */
		75D083012CC6B0B0000E0335 /* appConvertidorDivisas.app */ = {isa = PBXFileReference; explicitFileType = wrapper.application; includeInIndex = 0; path = appConvertidorDivisas.app; sourceTree = BUILT_PRODUCTS_DIR; };
		75D083042CC6B0B0000E0335 /* AppDelegate.h */ = {isa = PBXFileReference; lastKnownFileType = sourcecode.c.h; path = AppDelegate.h; sourceTree = "<group>"; };
		75D083052CC6B0B0000E0335 /* AppDelegate.m */ = {isa = PBXFileReference; lastKnownFileType = sourcecode.c.objc; path = AppDelegate.m; sourceTree = "<group>"; };
		75D083072CC6B0B0000E0335 /* SceneDelegate.h */ = {isa = PBXFileReference; lastKnownFileType = sourcecode.c.h; path = SceneDelegate.h; sourceTree = "<group>"; };
		75D083082CC6B0B0000E0335 /* SceneDelegate.m */ = {isa = PBXFileReference; lastKnownFileType = sourcecode.c.objc; path = SceneDelegate.m; sourceTree = "<group>"; };
		75D0830A2CC6B0B0000E0335 /* ViewController.h */ = {isa = PBXFileReference; lastKnownFileType = sourcecode.c.h; path = ViewController.h; sourceTree = "<group>"; };
		75D0830B2CC6B0B0000E0335 /* ViewController.m */ = {isa = PBXFileReference; lastKnownFileType = sourcecode.c.objc; path = ViewController.m; sourceTree = "<group>"; };
		75D0830E2CC6B0B0000E0335 /* Base */ = {isa = PBXFileReference; lastKnownFileType = file.storyboard; name = Base; path = Base.lproj/Main.storyboard; sourceTree = "<group>"; };
		75D083102CC6B0B6000E0335 /* Assets.xcassets */ = {isa = PBXFileReference; lastKnownFileType = folder.assetcatalog; path = Assets.xcassets; sourceTree = "<group>"; };
		75D083132CC6B0B6000E0335 /* Base */ = {isa = PBXFileReference; lastKnownFileType = file.storyboard; name = Base; path = Base.lproj/LaunchScreen.storyboard; sourceTree = "<group>"; };
		75D083152CC6B0B6000E0335 /* Info.plist */ = {isa = PBXFileReference; lastKnownFileType = text.plist.xml; path = Info.plist; sourceTree = "<group>"; };
		75D083162CC6B0B6000E0335 /* main.m */ = {isa = PBXFileReference; lastKnownFileType = sourcecode.c.objc; path = main.m; sourceTree = "<group>"; };
/* End PBXFileReference section */

/* Begin PBXFrameworksBuildPhase section */
		75D082FE2CC6B0B0000E0335 /* Frameworks */ = {
			isa = PBXFrameworksBuildPhase;
			buildActionMask = 2147483647;
			files = (
			);
			runOnlyForDeploymentPostprocessing = 0;
		};
/* End PBXFrameworksBuildPhase section */

/* Begin PBXGroup section */
		75D082F82CC6B0B0000E0335 = {
			isa = PBXGroup;
			children = (
				75D083032CC6B0B0000E0335 /* appConvertidorDivisas */,
				75D083022CC6B0B0000E0335 /* Products */,
			);
			sourceTree = "<group>";
		};
		75D083022CC6B0B0000E0335 /* Products */ = {
			isa = PBXGroup;
			children = (
				75D083012CC6B0B0000E0335 /* appConvertidorDivisas.app */,
			);
			name = Products;
			sourceTree = "<group>";
		};
		75D083032CC6B0B0000E0335 /* appConvertidorDivisas */ = {
			isa = PBXGroup;
			children = (
				75D083042CC6B0B0000E0335 /* AppDelegate.h */,
				75D083052CC6B0B0000E0335 /* AppDelegate.m */,
				75D083072CC6B0B0000E0335 /* SceneDelegate.h */,
				75D083082CC6B0B0000E0335 /* SceneDelegate.m */,
				75D0830A2CC6B0B0000E0335 /* ViewController.h */,
				75D0830B2CC6B0B0000E0335 /* ViewController.m */,
				75D0830D2CC6B0B0000E0335 /* Main.storyboard */,
				75D083102CC6B0B6000E0335 /* Assets.xcassets */,
				75D083122CC6B0B6000E0335 /* LaunchScreen.storyboard */,
				75D083152CC6B0B6000E0335 /* Info.plist */,
				75D083162CC6B0B6000E0335 /* main.m */,
			);
			path = appConvertidorDivisas;
			sourceTree = "<group>";
		};
/* End PBXGroup section */

/* Begin PBXNativeTarget section */
		75D083002CC6B0B0000E0335 /* appConvertidorDivisas */ = {
			isa = PBXNativeTarget;
			buildConfigurationList = 75D0831A2CC6B0B6000E0335 /* Build configuration list for PBXNativeTarget "appConvertidorDivisas" */;
			buildPhases = (
				75D082FD2CC6B0B0000E0335 /* Sources */,
				75D082FE2CC6B0B0000E0335 /* Frameworks */,
				75D082FF2CC6B0B0000E0335 /* Resources */,
			);
			buildRules = (
			);
			dependencies = (
			);
			name = appConvertidorDivisas;
			productName = appConvertidorDivisas;
			productReference = 75D083012CC6B0B0000E0335 /* appConvertidorDivisas.app */;
			productType = "com.apple.product-type.application";
		};
/* End PBXNativeTarget section */

/* Begin PBXProject section */
		75D082F92CC6B0B0000E0335 /* Project object */ = {
			isa = PBXProject;
			attributes = {
				BuildIndependentTargetsInParallel = 1;
				LastUpgradeCheck = 1420;
				TargetAttributes = {
					75D083002CC6B0B0000E0335 = {
						CreatedOnToolsVersion = 14.2;
					};
				};
			};
			buildConfigurationList = 75D082FC2CC6B0B0000E0335 /* Build configuration list for PBXProject "appConvertidorDivisas" */;
			compatibilityVersion = "Xcode 14.0";
			developmentRegion = en;
			hasScannedForEncodings = 0;
			knownRegions = (
				en,
				Base,
			);
			mainGroup = 75D082F82CC6B0B0000E0335;
			productRefGroup = 75D083022CC6B0B0000E0335 /* Products */;
			projectDirPath = "";
			projectRoot = "";
			targets = (
				75D083002CC6B0B0000E0335 /* appConvertidorDivisas */,
			);
		};
/* End PBXProject section */

/* Begin PBXResourcesBuildPhase section */
		75D082FF2CC6B0B0000E0335 /* Resources */ = {
			isa = PBXResourcesBuildPhase;
			buildActionMask = 2147483647;
			files = (
				75D083142CC6B0B6000E0335 /* LaunchScreen.storyboard in Resources */,
				75D083112CC6B0B6000E0335 /* Assets.xcassets in Resources */,
				75D0830F2CC6B0B0000E0335 /* Main.storyboard in Resources */,
			);
			runOnlyForDeploymentPostprocessing = 0;
		};
/* End PBXResourcesBuildPhase section */

/* Begin PBXSourcesBuildPhase section */
		75D082FD2CC6B0B0000E0335 /* Sources */ = {
			isa = PBXSourcesBuildPhase;
			buildActionMask = 2147483647;
			files = (
				75D0830C2CC6B0B0000E0335 /* ViewController.m in Sources */,
				75D083062CC6B0B0000E0335 /* AppDelegate.m in Sources */,
				75D083172CC6B0B6000E0335 /* main.m in Sources */,
				75D083092CC6B0B0000E0335 /* SceneDelegate.m in Sources */,
			);
			runOnlyForDeploymentPostprocessing = 0;
		};
/* End PBXSourcesBuildPhase section */

/* Begin PBXVariantGroup section */
		75D0830D2CC6B0B0000E0335 /* Main.storyboard */ = {
			isa = PBXVariantGroup;
			children = (
				75D0830E2CC6B0B0000E0335 /* Base */,
			);
			name = Main.storyboard;
			sourceTree = "<group>";
		};
		75D083122CC6B0B6000E0335 /* LaunchScreen.storyboard */ = {
			isa = PBXVariantGroup;
			children = (
				75D083132CC6B0B6000E0335 /* Base */,
			);
			name = LaunchScreen.storyboard;
			sourceTree = "<group>";
		};
/* End PBXVariantGroup section */

/* Begin XCBuildConfiguration section */
		75D083182CC6B0B6000E0335 /* Debug */ = {
			isa = XCBuildConfiguration;
			buildSettings = {
				ALWAYS_SEARCH_USER_PATHS = NO;
				CLANG_ANALYZER_NONNULL = YES;
				CLANG_ANALYZER_NUMBER_OBJECT_CONVERSION = YES_AGGRESSIVE;
				CLANG_CXX_LANGUAGE_STANDARD = "gnu++20";
				CLANG_ENABLE_MODULES = YES;
				CLANG_ENABLE_OBJC_ARC = YES;
				CLANG_ENABLE_OBJC_WEAK = YES;
				CLANG_WARN_BLOCK_CAPTURE_AUTORELEASING = YES;
				CLANG_WARN_BOOL_CONVERSION = YES;
				CLANG_WARN_COMMA = YES;
				CLANG_WARN_CONSTANT_CONVERSION = YES;
				CLANG_WARN_DEPRECATED_OBJC_IMPLEMENTATIONS = YES;
				CLANG_WARN_DIRECT_OBJC_ISA_USAGE = YES_ERROR;
				CLANG_WARN_DOCUMENTATION_COMMENTS = YES;
				CLANG_WARN_EMPTY_BODY = YES;
				CLANG_WARN_ENUM_CONVERSION = YES;
				CLANG_WARN_INFINITE_RECURSION = YES;
				CLANG_WARN_INT_CONVERSION = YES;
				CLANG_WARN_NON_LITERAL_NULL_CONVERSION = YES;
				CLANG_WARN_OBJC_IMPLICIT_RETAIN_SELF = YES;
				CLANG_WARN_OBJC_LITERAL_CONVERSION = YES;
				CLANG_WARN_OBJC_ROOT_CLASS = YES_ERROR;
				CLANG_WARN_QUOTED_INCLUDE_IN_FRAMEWORK_HEADER = YES;
				CLANG_WARN_RANGE_LOOP_ANALYSIS = YES;
				CLANG_WARN_STRICT_PROTOTYPES = YES;
				CLANG_WARN_SUSPICIOUS_MOVE = YES;
				CLANG_WARN_UNGUARDED_AVAILABILITY = YES_AGGRESSIVE;
				CLANG_WARN_UNREACHABLE_CODE = YES;
				CLANG_WARN__DUPLICATE_METHOD_MATCH = YES;
				COPY_PHASE_STRIP = NO;
				DEBUG_INFORMATION_FORMAT = dwarf;
				ENABLE_STRICT_OBJC_MSGSEND = YES;
				ENABLE_TESTABILITY = YES;
				GCC_C_LANGUAGE_STANDARD = gnu11;
				GCC_DYNAMIC_NO_PIC = NO;
				GCC_NO_COMMON_BLOCKS = YES;
				GCC_OPTIMIZATION_LEVEL = 0;
				GCC_PREPROCESSOR_DEFINITIONS = (
					"DEBUG=1",
					"$(inherited)",
				);
				GCC_WARN_64_TO_32_BIT_CONVERSION = YES;
				GCC_WARN_ABOUT_RETURN_TYPE = YES_ERROR;
				GCC_WARN_UNDECLARED_SELECTOR = YES;
				GCC_WARN_UNINITIALIZED_AUTOS = YES_AGGRESSIVE;
				GCC_WARN_UNUSED_FUNCTION = YES;
				GCC_WARN_UNUSED_VARIABLE = YES;
				IPHONEOS_DEPLOYMENT_TARGET = 16.2;
				MTL_ENABLE_DEBUG_INFO = INCLUDE_SOURCE;
				MTL_FAST_MATH = YES;
				ONLY_ACTIVE_ARCH = YES;
				SDKROOT = iphoneos;
			};
			name = Debug;
		};
		75D083192CC6B0B6000E0335 /* Release */ = {
			isa = XCBuildConfiguration;
			buildSettings = {
				ALWAYS_SEARCH_USER_PATHS = NO;
				CLANG_ANALYZER_NONNULL = YES;
				CLANG_ANALYZER_NUMBER_OBJECT_CONVERSION = YES_AGGRESSIVE;
				CLANG_CXX_LANGUAGE_STANDARD = "gnu++20";
				CLANG_ENABLE_MODULES = YES;
				CLANG_ENABLE_OBJC_ARC = YES;
				CLANG_ENABLE_OBJC_WEAK = YES;
				CLANG_WARN_BLOCK_CAPTURE_AUTORELEASING = YES;
				CLANG_WARN_BOOL_CONVERSION = YES;
				CLANG_WARN_COMMA = YES;
				CLANG_WARN_CONSTANT_CONVERSION = YES;
				CLANG_WARN_DEPRECATED_OBJC_IMPLEMENTATIONS = YES;
				CLANG_WARN_DIRECT_OBJC_ISA_USAGE = YES_ERROR;
				CLANG_WARN_DOCUMENTATION_COMMENTS = YES;
				CLANG_WARN_EMPTY_BODY = YES;
				CLANG_WARN_ENUM_CONVERSION = YES;
				CLANG_WARN_INFINITE_RECURSION = YES;
				CLANG_WARN_INT_CONVERSION = YES;
				CLANG_WARN_NON_LITERAL_NULL_CONVERSION = YES;
				CLANG_WARN_OBJC_IMPLICIT_RETAIN_SELF = YES;
				CLANG_WARN_OBJC_LITERAL_CONVERSION = YES;
				CLANG_WARN_OBJC_ROOT_CLASS = YES_ERROR;
				CLANG_WARN_QUOTED_INCLUDE_IN_FRAMEWORK_HEADER = YES;
				CLANG_WARN_RANGE_LOOP_ANALYSIS = YES;
				CLANG_WARN_STRICT_PROTOTYPES = YES;
				CLANG_WARN_SUSPICIOUS_MOVE = YES;
				CLANG_WARN_UNGUARDED_AVAILABILITY = YES_AGGRESSIVE;
				CLANG_WARN_UNREACHABLE_CODE = YES;
				CLANG_WARN__DUPLICATE_METHOD_MATCH = YES;
				COPY_PHASE_STRIP = NO;
				DEBUG_INFORMATION_FORMAT = "dwarf-with-dsym";
				ENABLE_NS_ASSERTIONS = NO;
				ENABLE_STRICT_OBJC_MSGSEND = YES;
				GCC_C_LANGUAGE_STANDARD = gnu11;
				GCC_NO_COMMON_BLOCKS = YES;
				GCC_WARN_64_TO_32_BIT_CONVERSION = YES;
				GCC_WARN_ABOUT_RETURN_TYPE = YES_ERROR;
				GCC_WARN_UNDECLARED_SELECTOR = YES;
				GCC_WARN_UNINITIALIZED_AUTOS = YES_AGGRESSIVE;
				GCC_WARN_UNUSED_FUNCTION = YES;
				GCC_WARN_UNUSED_VARIABLE = YES;
				IPHONEOS_DEPLOYMENT_TARGET = 16.2;
				MTL_ENABLE_DEBUG_INFO = NO;
				MTL_FAST_MATH = YES;
				SDKROOT = iphoneos;
				VALIDATE_PRODUCT = YES;
			};
			name = Release;
		};
		75D0831B2CC6B0B6000E0335 /* Debug */ = {
			isa = XCBuildConfiguration;
			buildSettings = {
				ASSETCATALOG_COMPILER_APPICON_NAME = AppIcon;
				ASSETCATALOG_COMPILER_GLOBAL_ACCENT_COLOR_NAME = AccentColor;
				CODE_SIGN_STYLE = Automatic;
				CURRENT_PROJECT_VERSION = 1;
				DEVELOPMENT_TEAM = TDU5N23NC8;
				GENERATE_INFOPLIST_FILE = YES;
				INFOPLIST_FILE = appConvertidorDivisas/Info.plist;
				INFOPLIST_KEY_UIApplicationSupportsIndirectInputEvents = YES;
				INFOPLIST_KEY_UILaunchStoryboardName = LaunchScreen;
				INFOPLIST_KEY_UIMainStoryboardFile = Main;
				INFOPLIST_KEY_UISupportedInterfaceOrientations_iPad = "UIInterfaceOrientationPortrait UIInterfaceOrientationPortraitUpsideDown UIInterfaceOrientationLandscapeLeft UIInterfaceOrientationLandscapeRight";
				INFOPLIST_KEY_UISupportedInterfaceOrientations_iPhone = "UIInterfaceOrientationPortrait UIInterfaceOrientationLandscapeLeft UIInterfaceOrientationLandscapeRight";
				IPHONEOS_DEPLOYMENT_TARGET = 15.0;
				LD_RUNPATH_SEARCH_PATHS = (
					"$(inherited)",
					"@executable_path/Frameworks",
				);
				MARKETING_VERSION = 1.0;
				PRODUCT_BUNDLE_IDENTIFIER = itlag.appConvertidorDivisas;
				PRODUCT_NAME = "$(TARGET_NAME)";
				SWIFT_EMIT_LOC_STRINGS = YES;
				TARGETED_DEVICE_FAMILY = "1,2";
			};
			name = Debug;
		};
		75D0831C2CC6B0B6000E0335 /* Release */ = {
			isa = XCBuildConfiguration;
			buildSettings = {
				ASSETCATALOG_COMPILER_APPICON_NAME = AppIcon;
				ASSETCATALOG_COMPILER_GLOBAL_ACCENT_COLOR_NAME = AccentColor;
				CODE_SIGN_STYLE = Automatic;
				CURRENT_PROJECT_VERSION = 1;
				DEVELOPMENT_TEAM = TDU5N23NC8;
				GENERATE_INFOPLIST_FILE = YES;
				INFOPLIST_FILE = appConvertidorDivisas/Info.plist;
				INFOPLIST_KEY_UIApplicationSupportsIndirectInputEvents = YES;
				INFOPLIST_KEY_UILaunchStoryboardName = LaunchScreen;
				INFOPLIST_KEY_UIMainStoryboardFile = Main;
				INFOPLIST_KEY_UISupportedInterfaceOrientations_iPad = "UIInterfaceOrientationPortrait UIInterfaceOrientationPortraitUpsideDown UIInterfaceOrientationLandscapeLeft UIInterfaceOrientationLandscapeRight";
				INFOPLIST_KEY_UISupportedInterfaceOrientations_iPhone = "UIInterfaceOrientationPortrait UIInterfaceOrientationLandscapeLeft UIInterfaceOrientationLandscapeRight";
				IPHONEOS_DEPLOYMENT_TARGET = 15.0;
				LD_RUNPATH_SEARCH_PATHS = (
					"$(inherited)",
					"@executable_path/Frameworks",
				);
				MARKETING_VERSION = 1.0;
				PRODUCT_BUNDLE_IDENTIFIER = itlag.appConvertidorDivisas;
				PRODUCT_NAME = "$(TARGET_NAME)";
				SWIFT_EMIT_LOC_STRINGS = YES;
				TARGETED_DEVICE_FAMILY = "1,2";
			};
			name = Release;
		};
/* End XCBuildConfiguration section */

/* Begin XCConfigurationList section */
		75D082FC2CC6B0B0000E0335 /* Build configuration list for PBXProject "appConvertidorDivisas" */ = {
			isa = XCConfigurationList;
			buildConfigurations = (
				75D083182CC6B0B6000E0335 /* Debug */,
				75D083192CC6B0B6000E0335 /* Release */,
			);
			defaultConfigurationIsVisible = 0;
			defaultConfigurationName = Release;
		};
		75D0831A2CC6B0B6000E0335 /* Build configuration list for PBXNativeTarget "appConvertidorDivisas" */ = {
			isa = XCConfigurationList;
			buildConfigurations = (
				75D0831B2CC6B0B6000E0335 /* Debug */,
				75D0831C2CC6B0B6000E0335 /* Release */,
			);
			defaultConfigurationIsVisible = 0;
			defaultConfigurationName = Release;
		};
/* End XCConfigurationList section */
	};
	rootObject = 75D082F92CC6B0B0000E0335 /* Project object */;
}
